
Microsoft Visual Studio Solution File, Format Version 12.00
# Visual Studio Version 17
VisualStudioVersion = 17.12.35209.166
MinimumVisualStudioVersion = 10.0.40219.1
Project("{FAE04EC0-301F-11D3-BF4B-00C04F79EFBC}") = "CarvedRock.Api", "CarvedRock.Api\CarvedRock.Api.csproj", "{FAAE4230-3E01-4DC5-B961-D8AE352F56E0}"
EndProject
Project("{FAE04EC0-301F-11D3-BF4B-00C04F79EFBC}") = "CarvedRock.Worker", "CarvedRock.Worker\CarvedRock.Worker.csproj", "{9A3C493B-2351-4B3B-8615-0C7C3E60A9A9}"
EndProject
Project("{FAE04EC0-301F-11D3-BF4B-00C04F79EFBC}") = "CarvedRock.InvoiceGenerator", "CarvedRock.InvoiceGenerator\CarvedRock.InvoiceGenerator.csproj", "{3A6FA133-8036-4FDD-971B-15BCE6856643}"
EndProject
Global
	GlobalSection(SolutionConfigurationPlatforms) = preSolution
		Debug|Any CPU = Debug|Any CPU
		Release|Any CPU = Release|Any CPU
	EndGlobalSection
	GlobalSection(ProjectConfigurationPlatforms) = postSolution
		{FAAE4230-3E01-4DC5-B961-D8AE352F56E0}.Debug|Any CPU.ActiveCfg = Debug|Any CPU
		{FAAE4230-3E01-4DC5-B961-D8AE352F56E0}.Debug|Any CPU.Build.0 = Debug|Any CPU
		{FAAE4230-3E01-4DC5-B961-D8AE352F56E0}.Release|Any CPU.ActiveCfg = Release|Any CPU
		{FAAE4230-3E01-4DC5-B961-D8AE352F56E0}.Release|Any CPU.Build.0 = Release|Any CPU
		{9A3C493B-2351-4B3B-8615-0C7C3E60A9A9}.Debug|Any CPU.ActiveCfg = Debug|Any CPU
		{9A3C493B-2351-4B3B-8615-0C7C3E60A9A9}.Debug|Any CPU.Build.0 = Debug|Any CPU
		{9A3C493B-2351-4B3B-8615-0C7C3E60A9A9}.Release|Any CPU.ActiveCfg = Release|Any CPU
		{9A3C493B-2351-4B3B-8615-0C7C3E60A9A9}.Release|Any CPU.Build.0 = Release|Any CPU
		{3A6FA133-8036-4FDD-971B-15BCE6856643}.Debug|Any CPU.ActiveCfg = Debug|Any CPU
		{3A6FA133-8036-4FDD-971B-15BCE6856643}.Debug|Any CPU.Build.0 = Debug|Any CPU
		{3A6FA133-8036-4FDD-971B-15BCE6856643}.Release|Any CPU.ActiveCfg = Release|Any CPU
		{3A6FA133-8036-4FDD-971B-15BCE6856643}.Release|Any CPU.Build.0 = Release|Any CPU
	EndGlobalSection
	GlobalSection(SolutionProperties) = preSolution
		HideSolutionNode = FALSE
	EndGlobalSection
	GlobalSection(ExtensibilityGlobals) = postSolution
		SolutionGuid = {7CF73FBA-A045-4128-8A69-FD5EE1A71AB7}
	EndGlobalSection
EndGlobal
